# This file is automatically @generated by Cargo.
# It is not intended for manual editing.
version = 4

[[package]]
name = "mini-lambda-client"
version = "0.1.0"

[[package]]
name = "mini-lambda-orchestrator"
version = "0.1.0"

[[package]]
name = "mini-lambda-proto"
version = "0.1.0"

[[package]]
name = "mini-lambda-worker"
version = "0.1.0"

[[package]]
name = "test-wasm"
version = "0.1.0"
